// !$*UTF8*$!
{
	archiveVersion = 1;
	classes = {
	};
	objectVersion = 56;
	objects = {

/* Begin PBXBuildFile section */
		1894D0E92C8C922C007011B3 /* DynamicProgramming.swift in Sources */ = {isa = PBXBuildFile; fileRef = 1894D0E82C8C922C007011B3 /* DynamicProgramming.swift */; };
		1894D0EB2C8CA8F5007011B3 /* BinaryNode.swift in Sources */ = {isa = PBXBuildFile; fileRef = 1894D0EA2C8CA8F5007011B3 /* BinaryNode.swift */; };
		1894D0ED2C8CA928007011B3 /* TreeNode.swift in Sources */ = {isa = PBXBuildFile; fileRef = 1894D0EC2C8CA928007011B3 /* TreeNode.swift */; };
		1894D0F12C8CA997007011B3 /* QueueArray.swift in Sources */ = {isa = PBXBuildFile; fileRef = 1894D0F02C8CA997007011B3 /* QueueArray.swift */; };
		1894D0F32C8CA9AD007011B3 /* Queue.swift in Sources */ = {isa = PBXBuildFile; fileRef = 1894D0F22C8CA9AD007011B3 /* Queue.swift */; };
		1894D0F52C8CAA0E007011B3 /* QueueStack.swift in Sources */ = {isa = PBXBuildFile; fileRef = 1894D0F42C8CAA0E007011B3 /* QueueStack.swift */; };
		1894D0F72C8CAA28007011B3 /* QueueRingBuffer.swift in Sources */ = {isa = PBXBuildFile; fileRef = 1894D0F62C8CAA28007011B3 /* QueueRingBuffer.swift */; };
		1894D0F92C8CAA54007011B3 /* DoublyLinkedList.swift in Sources */ = {isa = PBXBuildFile; fileRef = 1894D0F82C8CAA54007011B3 /* DoublyLinkedList.swift */; };
		1894D0FB2C8CAB07007011B3 /* RingBuffer.swift in Sources */ = {isa = PBXBuildFile; fileRef = 1894D0FA2C8CAB07007011B3 /* RingBuffer.swift */; };
		18F1F03D2C8B72A4001E2B53 /* LeetCodePractise.docc in Sources */ = {isa = PBXBuildFile; fileRef = 18F1F03C2C8B72A4001E2B53 /* LeetCodePractise.docc */; };
		18F1F0432C8B72A4001E2B53 /* LeetCodePractise.framework in Frameworks */ = {isa = PBXBuildFile; fileRef = 18F1F0382C8B72A4001E2B53 /* LeetCodePractise.framework */; };
		18F1F0482C8B72A4001E2B53 /* LeetCodePractiseTests.swift in Sources */ = {isa = PBXBuildFile; fileRef = 18F1F0472C8B72A4001E2B53 /* LeetCodePractiseTests.swift */; };
		18F1F0492C8B72A4001E2B53 /* LeetCodePractise.h in Headers */ = {isa = PBXBuildFile; fileRef = 18F1F03B2C8B72A4001E2B53 /* LeetCodePractise.h */; settings = {ATTRIBUTES = (Public, ); }; };
		18F1F0532C8B72B5001E2B53 /* LinkedList.swift in Sources */ = {isa = PBXBuildFile; fileRef = 18F1F0522C8B72B5001E2B53 /* LinkedList.swift */; };
		18F1F0552C8B72E5001E2B53 /* Node.swift in Sources */ = {isa = PBXBuildFile; fileRef = 18F1F0542C8B72E5001E2B53 /* Node.swift */; };
		18F1F0572C8B7365001E2B53 /* LinkedListsTest.swift in Sources */ = {isa = PBXBuildFile; fileRef = 18F1F0562C8B7365001E2B53 /* LinkedListsTest.swift */; };
		18F1F0592C8B7AB2001E2B53 /* LinkedListQuestions.swift in Sources */ = {isa = PBXBuildFile; fileRef = 18F1F0582C8B7AB2001E2B53 /* LinkedListQuestions.swift */; };
		18F1F05B2C8BA11A001E2B53 /* Array&String.swift in Sources */ = {isa = PBXBuildFile; fileRef = 18F1F05A2C8BA11A001E2B53 /* Array&String.swift */; };
		18F1F05D2C8BA147001E2B53 /* ArrayAndStringTest.swift in Sources */ = {isa = PBXBuildFile; fileRef = 18F1F05C2C8BA147001E2B53 /* ArrayAndStringTest.swift */; };
/* End PBXBuildFile section */

/* Begin PBXContainerItemProxy section */
		18F1F0442C8B72A4001E2B53 /* PBXContainerItemProxy */ = {
			isa = PBXContainerItemProxy;
			containerPortal = 18F1F02F2C8B72A4001E2B53 /* Project object */;
			proxyType = 1;
			remoteGlobalIDString = 18F1F0372C8B72A4001E2B53;
			remoteInfo = LeetCodePractise;
		};
/* End PBXContainerItemProxy section */

/* Begin PBXFileReference section */
		1894D0E82C8C922C007011B3 /* DynamicProgramming.swift */ = {isa = PBXFileReference; lastKnownFileType = sourcecode.swift; path = DynamicProgramming.swift; sourceTree = "<group>"; };
		1894D0EA2C8CA8F5007011B3 /* BinaryNode.swift */ = {isa = PBXFileReference; lastKnownFileType = sourcecode.swift; path = BinaryNode.swift; sourceTree = "<group>"; };
		1894D0EC2C8CA928007011B3 /* TreeNode.swift */ = {isa = PBXFileReference; lastKnownFileType = sourcecode.swift; path = TreeNode.swift; sourceTree = "<group>"; };
		1894D0F02C8CA997007011B3 /* QueueArray.swift */ = {isa = PBXFileReference; lastKnownFileType = sourcecode.swift; path = QueueArray.swift; sourceTree = "<group>"; };
		1894D0F22C8CA9AD007011B3 /* Queue.swift */ = {isa = PBXFileReference; lastKnownFileType = sourcecode.swift; path = Queue.swift; sourceTree = "<group>"; };
		1894D0F42C8CAA0E007011B3 /* QueueStack.swift */ = {isa = PBXFileReference; lastKnownFileType = sourcecode.swift; path = QueueStack.swift; sourceTree = "<group>"; };
		1894D0F62C8CAA28007011B3 /* QueueRingBuffer.swift */ = {isa = PBXFileReference; lastKnownFileType = sourcecode.swift; path = QueueRingBuffer.swift; sourceTree = "<group>"; };
		1894D0F82C8CAA54007011B3 /* DoublyLinkedList.swift */ = {isa = PBXFileReference; lastKnownFileType = sourcecode.swift; path = DoublyLinkedList.swift; sourceTree = "<group>"; };
		1894D0FA2C8CAB07007011B3 /* RingBuffer.swift */ = {isa = PBXFileReference; lastKnownFileType = sourcecode.swift; path = RingBuffer.swift; sourceTree = "<group>"; };
		18F1F0382C8B72A4001E2B53 /* LeetCodePractise.framework */ = {isa = PBXFileReference; explicitFileType = wrapper.framework; includeInIndex = 0; path = LeetCodePractise.framework; sourceTree = BUILT_PRODUCTS_DIR; };
		18F1F03B2C8B72A4001E2B53 /* LeetCodePractise.h */ = {isa = PBXFileReference; lastKnownFileType = sourcecode.c.h; path = LeetCodePractise.h; sourceTree = "<group>"; };
		18F1F03C2C8B72A4001E2B53 /* LeetCodePractise.docc */ = {isa = PBXFileReference; lastKnownFileType = folder.documentationcatalog; path = LeetCodePractise.docc; sourceTree = "<group>"; };
		18F1F0422C8B72A4001E2B53 /* LeetCodePractiseTests.xctest */ = {isa = PBXFileReference; explicitFileType = wrapper.cfbundle; includeInIndex = 0; path = LeetCodePractiseTests.xctest; sourceTree = BUILT_PRODUCTS_DIR; };
		18F1F0472C8B72A4001E2B53 /* LeetCodePractiseTests.swift */ = {isa = PBXFileReference; lastKnownFileType = sourcecode.swift; path = LeetCodePractiseTests.swift; sourceTree = "<group>"; };
		18F1F0522C8B72B5001E2B53 /* LinkedList.swift */ = {isa = PBXFileReference; lastKnownFileType = sourcecode.swift; path = LinkedList.swift; sourceTree = "<group>"; };
		18F1F0542C8B72E5001E2B53 /* Node.swift */ = {isa = PBXFileReference; lastKnownFileType = sourcecode.swift; path = Node.swift; sourceTree = "<group>"; };
		18F1F0562C8B7365001E2B53 /* LinkedListsTest.swift */ = {isa = PBXFileReference; lastKnownFileType = sourcecode.swift; path = LinkedListsTest.swift; sourceTree = "<group>"; };
		18F1F0582C8B7AB2001E2B53 /* LinkedListQuestions.swift */ = {isa = PBXFileReference; lastKnownFileType = sourcecode.swift; path = LinkedListQuestions.swift; sourceTree = "<group>"; };
		18F1F05A2C8BA11A001E2B53 /* Array&String.swift */ = {isa = PBXFileReference; lastKnownFileType = sourcecode.swift; path = "Array&String.swift"; sourceTree = "<group>"; };
		18F1F05C2C8BA147001E2B53 /* ArrayAndStringTest.swift */ = {isa = PBXFileReference; lastKnownFileType = sourcecode.swift; path = ArrayAndStringTest.swift; sourceTree = "<group>"; };
/* End PBXFileReference section */

/* Begin PBXFrameworksBuildPhase section */
		18F1F0352C8B72A4001E2B53 /* Frameworks */ = {
			isa = PBXFrameworksBuildPhase;
			buildActionMask = 2147483647;
			files = (
			);
			runOnlyForDeploymentPostprocessing = 0;
		};
		18F1F03F2C8B72A4001E2B53 /* Frameworks */ = {
			isa = PBXFrameworksBuildPhase;
			buildActionMask = 2147483647;
			files = (
				18F1F0432C8B72A4001E2B53 /* LeetCodePractise.framework in Frameworks */,
			);
			runOnlyForDeploymentPostprocessing = 0;
		};
/* End PBXFrameworksBuildPhase section */

/* Begin PBXGroup section */
		18F1F02E2C8B72A4001E2B53 = {
			isa = PBXGroup;
			children = (
				18F1F03A2C8B72A4001E2B53 /* LeetCodePractise */,
				18F1F0462C8B72A4001E2B53 /* LeetCodePractiseTests */,
				18F1F0392C8B72A4001E2B53 /* Products */,
			);
			sourceTree = "<group>";
		};
		18F1F0392C8B72A4001E2B53 /* Products */ = {
			isa = PBXGroup;
			children = (
				18F1F0382C8B72A4001E2B53 /* LeetCodePractise.framework */,
				18F1F0422C8B72A4001E2B53 /* LeetCodePractiseTests.xctest */,
			);
			name = Products;
			sourceTree = "<group>";
		};
		18F1F03A2C8B72A4001E2B53 /* LeetCodePractise */ = {
			isa = PBXGroup;
			children = (
				18F1F03B2C8B72A4001E2B53 /* LeetCodePractise.h */,
				18F1F03C2C8B72A4001E2B53 /* LeetCodePractise.docc */,
				18F1F0522C8B72B5001E2B53 /* LinkedList.swift */,
				18F1F0582C8B7AB2001E2B53 /* LinkedListQuestions.swift */,
				18F1F0542C8B72E5001E2B53 /* Node.swift */,
				18F1F05A2C8BA11A001E2B53 /* Array&String.swift */,
				1894D0E82C8C922C007011B3 /* DynamicProgramming.swift */,
				1894D0EA2C8CA8F5007011B3 /* BinaryNode.swift */,
				1894D0EC2C8CA928007011B3 /* TreeNode.swift */,
				1894D0F02C8CA997007011B3 /* QueueArray.swift */,
				1894D0F22C8CA9AD007011B3 /* Queue.swift */,
				1894D0F42C8CAA0E007011B3 /* QueueStack.swift */,
				1894D0F62C8CAA28007011B3 /* QueueRingBuffer.swift */,
				1894D0F82C8CAA54007011B3 /* DoublyLinkedList.swift */,
				1894D0FA2C8CAB07007011B3 /* RingBuffer.swift */,
			);
			path = LeetCodePractise;
			sourceTree = "<group>";
		};
		18F1F0462C8B72A4001E2B53 /* LeetCodePractiseTests */ = {
			isa = PBXGroup;
			children = (
				18F1F0472C8B72A4001E2B53 /* LeetCodePractiseTests.swift */,
				18F1F0562C8B7365001E2B53 /* LinkedListsTest.swift */,
				18F1F05C2C8BA147001E2B53 /* ArrayAndStringTest.swift */,
			);
			path = LeetCodePractiseTests;
			sourceTree = "<group>";
		};
/* End PBXGroup section */

/* Begin PBXHeadersBuildPhase section */
		18F1F0332C8B72A4001E2B53 /* Headers */ = {
			isa = PBXHeadersBuildPhase;
			buildActionMask = 2147483647;
			files = (
				18F1F0492C8B72A4001E2B53 /* LeetCodePractise.h in Headers */,
			);
			runOnlyForDeploymentPostprocessing = 0;
		};
/* End PBXHeadersBuildPhase section */

/* Begin PBXNativeTarget section */
		18F1F0372C8B72A4001E2B53 /* LeetCodePractise */ = {
			isa = PBXNativeTarget;
			buildConfigurationList = 18F1F04C2C8B72A4001E2B53 /* Build configuration list for PBXNativeTarget "LeetCodePractise" */;
			buildPhases = (
				18F1F0332C8B72A4001E2B53 /* Headers */,
				18F1F0342C8B72A4001E2B53 /* Sources */,
				18F1F0352C8B72A4001E2B53 /* Frameworks */,
				18F1F0362C8B72A4001E2B53 /* Resources */,
			);
			buildRules = (
			);
			dependencies = (
			);
			name = LeetCodePractise;
			productName = LeetCodePractise;
			productReference = 18F1F0382C8B72A4001E2B53 /* LeetCodePractise.framework */;
			productType = "com.apple.product-type.framework";
		};
		18F1F0412C8B72A4001E2B53 /* LeetCodePractiseTests */ = {
			isa = PBXNativeTarget;
			buildConfigurationList = 18F1F04F2C8B72A4001E2B53 /* Build configuration list for PBXNativeTarget "LeetCodePractiseTests" */;
			buildPhases = (
				18F1F03E2C8B72A4001E2B53 /* Sources */,
				18F1F03F2C8B72A4001E2B53 /* Frameworks */,
				18F1F0402C8B72A4001E2B53 /* Resources */,
			);
			buildRules = (
			);
			dependencies = (
				18F1F0452C8B72A4001E2B53 /* PBXTargetDependency */,
			);
			name = LeetCodePractiseTests;
			productName = LeetCodePractiseTests;
			productReference = 18F1F0422C8B72A4001E2B53 /* LeetCodePractiseTests.xctest */;
			productType = "com.apple.product-type.bundle.unit-test";
		};
/* End PBXNativeTarget section */

/* Begin PBXProject section */
		18F1F02F2C8B72A4001E2B53 /* Project object */ = {
			isa = PBXProject;
			attributes = {
				BuildIndependentTargetsInParallel = 1;
				LastSwiftUpdateCheck = 1540;
				LastUpgradeCheck = 1540;
				TargetAttributes = {
					18F1F0372C8B72A4001E2B53 = {
						CreatedOnToolsVersion = 15.4;
					};
					18F1F0412C8B72A4001E2B53 = {
						CreatedOnToolsVersion = 15.4;
					};
				};
			};
			buildConfigurationList = 18F1F0322C8B72A4001E2B53 /* Build configuration list for PBXProject "LeetCodePractise" */;
			compatibilityVersion = "Xcode 14.0";
			developmentRegion = en;
			hasScannedForEncodings = 0;
			knownRegions = (
				en,
				Base,
			);
			mainGroup = 18F1F02E2C8B72A4001E2B53;
			productRefGroup = 18F1F0392C8B72A4001E2B53 /* Products */;
			projectDirPath = "";
			projectRoot = "";
			targets = (
				18F1F0372C8B72A4001E2B53 /* LeetCodePractise */,
				18F1F0412C8B72A4001E2B53 /* LeetCodePractiseTests */,
			);
		};
/* End PBXProject section */

/* Begin PBXResourcesBuildPhase section */
		18F1F0362C8B72A4001E2B53 /* Resources */ = {
			isa = PBXResourcesBuildPhase;
			buildActionMask = 2147483647;
			files = (
			);
			runOnlyForDeploymentPostprocessing = 0;
		};
		18F1F0402C8B72A4001E2B53 /* Resources */ = {
			isa = PBXResourcesBuildPhase;
			buildActionMask = 2147483647;
			files = (
			);
			runOnlyForDeploymentPostprocessing = 0;
		};
/* End PBXResourcesBuildPhase section */

/* Begin PBXSourcesBuildPhase section */
		18F1F0342C8B72A4001E2B53 /* Sources */ = {
			isa = PBXSourcesBuildPhase;
			buildActionMask = 2147483647;
			files = (
				18F1F05B2C8BA11A001E2B53 /* Array&String.swift in Sources */,
				1894D0E92C8C922C007011B3 /* DynamicProgramming.swift in Sources */,
				18F1F0552C8B72E5001E2B53 /* Node.swift in Sources */,
				1894D0F72C8CAA28007011B3 /* QueueRingBuffer.swift in Sources */,
				1894D0F12C8CA997007011B3 /* QueueArray.swift in Sources */,
				1894D0FB2C8CAB07007011B3 /* RingBuffer.swift in Sources */,
				1894D0F92C8CAA54007011B3 /* DoublyLinkedList.swift in Sources */,
				18F1F0532C8B72B5001E2B53 /* LinkedList.swift in Sources */,
				1894D0F32C8CA9AD007011B3 /* Queue.swift in Sources */,
				1894D0F52C8CAA0E007011B3 /* QueueStack.swift in Sources */,
				18F1F0592C8B7AB2001E2B53 /* LinkedListQuestions.swift in Sources */,
				18F1F03D2C8B72A4001E2B53 /* LeetCodePractise.docc in Sources */,
				1894D0EB2C8CA8F5007011B3 /* BinaryNode.swift in Sources */,
				1894D0ED2C8CA928007011B3 /* TreeNode.swift in Sources */,
			);
			runOnlyForDeploymentPostprocessing = 0;
		};
		18F1F03E2C8B72A4001E2B53 /* Sources */ = {
			isa = PBXSourcesBuildPhase;
			buildActionMask = 2147483647;
			files = (
				18F1F0572C8B7365001E2B53 /* LinkedListsTest.swift in Sources */,
				18F1F0482C8B72A4001E2B53 /* LeetCodePractiseTests.swift in Sources */,
				18F1F05D2C8BA147001E2B53 /* ArrayAndStringTest.swift in Sources */,
			);
			runOnlyForDeploymentPostprocessing = 0;
		};
/* End PBXSourcesBuildPhase section */

/* Begin PBXTargetDependency section */
		18F1F0452C8B72A4001E2B53 /* PBXTargetDependency */ = {
			isa = PBXTargetDependency;
			target = 18F1F0372C8B72A4001E2B53 /* LeetCodePractise */;
			targetProxy = 18F1F0442C8B72A4001E2B53 /* PBXContainerItemProxy */;
		};
/* End PBXTargetDependency section */

/* Begin XCBuildConfiguration section */
		18F1F04A2C8B72A4001E2B53 /* Debug */ = {
			isa = XCBuildConfiguration;
			buildSettings = {
				ALWAYS_SEARCH_USER_PATHS = NO;
				ASSETCATALOG_COMPILER_GENERATE_SWIFT_ASSET_SYMBOL_EXTENSIONS = YES;
				CLANG_ANALYZER_NONNULL = YES;
				CLANG_ANALYZER_NUMBER_OBJECT_CONVERSION = YES_AGGRESSIVE;
				CLANG_CXX_LANGUAGE_STANDARD = "gnu++20";
				CLANG_ENABLE_MODULES = YES;
				CLANG_ENABLE_OBJC_ARC = YES;
				CLANG_ENABLE_OBJC_WEAK = YES;
				CLANG_WARN_BLOCK_CAPTURE_AUTORELEASING = YES;
				CLANG_WARN_BOOL_CONVERSION = YES;
				CLANG_WARN_COMMA = YES;
				CLANG_WARN_CONSTANT_CONVERSION = YES;
				CLANG_WARN_DEPRECATED_OBJC_IMPLEMENTATIONS = YES;
				CLANG_WARN_DIRECT_OBJC_ISA_USAGE = YES_ERROR;
				CLANG_WARN_DOCUMENTATION_COMMENTS = YES;
				CLANG_WARN_EMPTY_BODY = YES;
				CLANG_WARN_ENUM_CONVERSION = YES;
				CLANG_WARN_INFINITE_RECURSION = YES;
				CLANG_WARN_INT_CONVERSION = YES;
				CLANG_WARN_NON_LITERAL_NULL_CONVERSION = YES;
				CLANG_WARN_OBJC_IMPLICIT_RETAIN_SELF = YES;
				CLANG_WARN_OBJC_LITERAL_CONVERSION = YES;
				CLANG_WARN_OBJC_ROOT_CLASS = YES_ERROR;
				CLANG_WARN_QUOTED_INCLUDE_IN_FRAMEWORK_HEADER = YES;
				CLANG_WARN_RANGE_LOOP_ANALYSIS = YES;
				CLANG_WARN_STRICT_PROTOTYPES = YES;
				CLANG_WARN_SUSPICIOUS_MOVE = YES;
				CLANG_WARN_UNGUARDED_AVAILABILITY = YES_AGGRESSIVE;
				CLANG_WARN_UNREACHABLE_CODE = YES;
				CLANG_WARN__DUPLICATE_METHOD_MATCH = YES;
				COPY_PHASE_STRIP = NO;
				CURRENT_PROJECT_VERSION = 1;
				DEBUG_INFORMATION_FORMAT = dwarf;
				ENABLE_STRICT_OBJC_MSGSEND = YES;
				ENABLE_TESTABILITY = YES;
				ENABLE_USER_SCRIPT_SANDBOXING = YES;
				GCC_C_LANGUAGE_STANDARD = gnu17;
				GCC_DYNAMIC_NO_PIC = NO;
				GCC_NO_COMMON_BLOCKS = YES;
				GCC_OPTIMIZATION_LEVEL = 0;
				GCC_PREPROCESSOR_DEFINITIONS = (
					"DEBUG=1",
					"$(inherited)",
				);
				GCC_WARN_64_TO_32_BIT_CONVERSION = YES;
				GCC_WARN_ABOUT_RETURN_TYPE = YES_ERROR;
				GCC_WARN_UNDECLARED_SELECTOR = YES;
				GCC_WARN_UNINITIALIZED_AUTOS = YES_AGGRESSIVE;
				GCC_WARN_UNUSED_FUNCTION = YES;
				GCC_WARN_UNUSED_VARIABLE = YES;
				IPHONEOS_DEPLOYMENT_TARGET = 17.5;
				LOCALIZATION_PREFERS_STRING_CATALOGS = YES;
				MTL_ENABLE_DEBUG_INFO = INCLUDE_SOURCE;
				MTL_FAST_MATH = YES;
				ONLY_ACTIVE_ARCH = YES;
				SDKROOT = iphoneos;
				SWIFT_ACTIVE_COMPILATION_CONDITIONS = "DEBUG $(inherited)";
				SWIFT_OPTIMIZATION_LEVEL = "-Onone";
				VERSIONING_SYSTEM = "apple-generic";
				VERSION_INFO_PREFIX = "";
			};
			name = Debug;
		};
		18F1F04B2C8B72A4001E2B53 /* Release */ = {
			isa = XCBuildConfiguration;
			buildSettings = {
				ALWAYS_SEARCH_USER_PATHS = NO;
				ASSETCATALOG_COMPILER_GENERATE_SWIFT_ASSET_SYMBOL_EXTENSIONS = YES;
				CLANG_ANALYZER_NONNULL = YES;
				CLANG_ANALYZER_NUMBER_OBJECT_CONVERSION = YES_AGGRESSIVE;
				CLANG_CXX_LANGUAGE_STANDARD = "gnu++20";
				CLANG_ENABLE_MODULES = YES;
				CLANG_ENABLE_OBJC_ARC = YES;
				CLANG_ENABLE_OBJC_WEAK = YES;
				CLANG_WARN_BLOCK_CAPTURE_AUTORELEASING = YES;
				CLANG_WARN_BOOL_CONVERSION = YES;
				CLANG_WARN_COMMA = YES;
				CLANG_WARN_CONSTANT_CONVERSION = YES;
				CLANG_WARN_DEPRECATED_OBJC_IMPLEMENTATIONS = YES;
				CLANG_WARN_DIRECT_OBJC_ISA_USAGE = YES_ERROR;
				CLANG_WARN_DOCUMENTATION_COMMENTS = YES;
				CLANG_WARN_EMPTY_BODY = YES;
				CLANG_WARN_ENUM_CONVERSION = YES;
				CLANG_WARN_INFINITE_RECURSION = YES;
				CLANG_WARN_INT_CONVERSION = YES;
				CLANG_WARN_NON_LITERAL_NULL_CONVERSION = YES;
				CLANG_WARN_OBJC_IMPLICIT_RETAIN_SELF = YES;
				CLANG_WARN_OBJC_LITERAL_CONVERSION = YES;
				CLANG_WARN_OBJC_ROOT_CLASS = YES_ERROR;
				CLANG_WARN_QUOTED_INCLUDE_IN_FRAMEWORK_HEADER = YES;
				CLANG_WARN_RANGE_LOOP_ANALYSIS = YES;
				CLANG_WARN_STRICT_PROTOTYPES = YES;
				CLANG_WARN_SUSPICIOUS_MOVE = YES;
				CLANG_WARN_UNGUARDED_AVAILABILITY = YES_AGGRESSIVE;
				CLANG_WARN_UNREACHABLE_CODE = YES;
				CLANG_WARN__DUPLICATE_METHOD_MATCH = YES;
				COPY_PHASE_STRIP = NO;
				CURRENT_PROJECT_VERSION = 1;
				DEBUG_INFORMATION_FORMAT = "dwarf-with-dsym";
				ENABLE_NS_ASSERTIONS = NO;
				ENABLE_STRICT_OBJC_MSGSEND = YES;
				ENABLE_USER_SCRIPT_SANDBOXING = YES;
				GCC_C_LANGUAGE_STANDARD = gnu17;
				GCC_NO_COMMON_BLOCKS = YES;
				GCC_WARN_64_TO_32_BIT_CONVERSION = YES;
				GCC_WARN_ABOUT_RETURN_TYPE = YES_ERROR;
				GCC_WARN_UNDECLARED_SELECTOR = YES;
				GCC_WARN_UNINITIALIZED_AUTOS = YES_AGGRESSIVE;
				GCC_WARN_UNUSED_FUNCTION = YES;
				GCC_WARN_UNUSED_VARIABLE = YES;
				IPHONEOS_DEPLOYMENT_TARGET = 17.5;
				LOCALIZATION_PREFERS_STRING_CATALOGS = YES;
				MTL_ENABLE_DEBUG_INFO = NO;
				MTL_FAST_MATH = YES;
				SDKROOT = iphoneos;
				SWIFT_COMPILATION_MODE = wholemodule;
				VALIDATE_PRODUCT = YES;
				VERSIONING_SYSTEM = "apple-generic";
				VERSION_INFO_PREFIX = "";
			};
			name = Release;
		};
		18F1F04D2C8B72A4001E2B53 /* Debug */ = {
			isa = XCBuildConfiguration;
			buildSettings = {
				BUILD_LIBRARY_FOR_DISTRIBUTION = YES;
				CODE_SIGN_STYLE = Automatic;
				CURRENT_PROJECT_VERSION = 1;
				DEFINES_MODULE = YES;
				DEVELOPMENT_TEAM = DTUR2DC9WC;
				DYLIB_COMPATIBILITY_VERSION = 1;
				DYLIB_CURRENT_VERSION = 1;
				DYLIB_INSTALL_NAME_BASE = "@rpath";
				ENABLE_MODULE_VERIFIER = YES;
				GENERATE_INFOPLIST_FILE = YES;
				INFOPLIST_KEY_NSHumanReadableCopyright = "";
				INSTALL_PATH = "$(LOCAL_LIBRARY_DIR)/Frameworks";
				LD_RUNPATH_SEARCH_PATHS = (
					"$(inherited)",
					"@executable_path/Frameworks",
					"@loader_path/Frameworks",
				);
				MARKETING_VERSION = 1.0;
				MODULE_VERIFIER_SUPPORTED_LANGUAGES = "objective-c objective-c++";
				MODULE_VERIFIER_SUPPORTED_LANGUAGE_STANDARDS = "gnu17 gnu++20";
				PRODUCT_BUNDLE_IDENTIFIER = com.jayakrish.LeetCodePractise;
				PRODUCT_NAME = "$(TARGET_NAME:c99extidentifier)";
				SKIP_INSTALL = YES;
				SWIFT_EMIT_LOC_STRINGS = YES;
				SWIFT_INSTALL_OBJC_HEADER = NO;
				SWIFT_VERSION = 5.0;
				TARGETED_DEVICE_FAMILY = "1,2";
			};
			name = Debug;
		};
		18F1F04E2C8B72A4001E2B53 /* Release */ = {
			isa = XCBuildConfiguration;
			buildSettings = {
				BUILD_LIBRARY_FOR_DISTRIBUTION = YES;
				CODE_SIGN_STYLE = Automatic;
				CURRENT_PROJECT_VERSION = 1;
				DEFINES_MODULE = YES;
				DEVELOPMENT_TEAM = DTUR2DC9WC;
				DYLIB_COMPATIBILITY_VERSION = 1;
				DYLIB_CURRENT_VERSION = 1;
				DYLIB_INSTALL_NAME_BASE = "@rpath";
				ENABLE_MODULE_VERIFIER = YES;
				GENERATE_INFOPLIST_FILE = YES;
				INFOPLIST_KEY_NSHumanReadableCopyright = "";
				INSTALL_PATH = "$(LOCAL_LIBRARY_DIR)/Frameworks";
				LD_RUNPATH_SEARCH_PATHS = (
					"$(inherited)",
					"@executable_path/Frameworks",
					"@loader_path/Frameworks",
				);
				MARKETING_VERSION = 1.0;
				MODULE_VERIFIER_SUPPORTED_LANGUAGES = "objective-c objective-c++";
				MODULE_VERIFIER_SUPPORTED_LANGUAGE_STANDARDS = "gnu17 gnu++20";
				PRODUCT_BUNDLE_IDENTIFIER = com.jayakrish.LeetCodePractise;
				PRODUCT_NAME = "$(TARGET_NAME:c99extidentifier)";
				SKIP_INSTALL = YES;
				SWIFT_EMIT_LOC_STRINGS = YES;
				SWIFT_INSTALL_OBJC_HEADER = NO;
				SWIFT_VERSION = 5.0;
				TARGETED_DEVICE_FAMILY = "1,2";
			};
			name = Release;
		};
		18F1F0502C8B72A4001E2B53 /* Debug */ = {
			isa = XCBuildConfiguration;
			buildSettings = {
				ALWAYS_EMBED_SWIFT_STANDARD_LIBRARIES = YES;
				CODE_SIGN_STYLE = Automatic;
				CURRENT_PROJECT_VERSION = 1;
				DEVELOPMENT_TEAM = DTUR2DC9WC;
				GENERATE_INFOPLIST_FILE = YES;
				MARKETING_VERSION = 1.0;
				PRODUCT_BUNDLE_IDENTIFIER = com.jayakrish.LeetCodePractiseTests;
				PRODUCT_NAME = "$(TARGET_NAME)";
				SWIFT_EMIT_LOC_STRINGS = NO;
				SWIFT_VERSION = 5.0;
				TARGETED_DEVICE_FAMILY = "1,2";
			};
			name = Debug;
		};
		18F1F0512C8B72A4001E2B53 /* Release */ = {
			isa = XCBuildConfiguration;
			buildSettings = {
				ALWAYS_EMBED_SWIFT_STANDARD_LIBRARIES = YES;
				CODE_SIGN_STYLE = Automatic;
				CURRENT_PROJECT_VERSION = 1;
				DEVELOPMENT_TEAM = DTUR2DC9WC;
				GENERATE_INFOPLIST_FILE = YES;
				MARKETING_VERSION = 1.0;
				PRODUCT_BUNDLE_IDENTIFIER = com.jayakrish.LeetCodePractiseTests;
				PRODUCT_NAME = "$(TARGET_NAME)";
				SWIFT_EMIT_LOC_STRINGS = NO;
				SWIFT_VERSION = 5.0;
				TARGETED_DEVICE_FAMILY = "1,2";
			};
			name = Release;
		};
/* End XCBuildConfiguration section */

/* Begin XCConfigurationList section */
		18F1F0322C8B72A4001E2B53 /* Build configuration list for PBXProject "LeetCodePractise" */ = {
			isa = XCConfigurationList;
			buildConfigurations = (
				18F1F04A2C8B72A4001E2B53 /* Debug */,
				18F1F04B2C8B72A4001E2B53 /* Release */,
			);
			defaultConfigurationIsVisible = 0;
			defaultConfigurationName = Release;
		};
		18F1F04C2C8B72A4001E2B53 /* Build configuration list for PBXNativeTarget "LeetCodePractise" */ = {
			isa = XCConfigurationList;
			buildConfigurations = (
				18F1F04D2C8B72A4001E2B53 /* Debug */,
				18F1F04E2C8B72A4001E2B53 /* Release */,
			);
			defaultConfigurationIsVisible = 0;
			defaultConfigurationName = Release;
		};
		18F1F04F2C8B72A4001E2B53 /* Build configuration list for PBXNativeTarget "LeetCodePractiseTests" */ = {
			isa = XCConfigurationList;
			buildConfigurations = (
				18F1F0502C8B72A4001E2B53 /* Debug */,
				18F1F0512C8B72A4001E2B53 /* Release */,
			);
			defaultConfigurationIsVisible = 0;
			defaultConfigurationName = Release;
		};
/* End XCConfigurationList section */
	};
	rootObject = 18F1F02F2C8B72A4001E2B53 /* Project object */;
}
